// !$*UTF8*$!
{
	archiveVersion = 1;
	classes = {
	};
	objectVersion = 56;
	objects = {

/* Begin PBXBuildFile section */
		081814C22998C21700DC4C17 /* AppDelegate.swift in Sources */ = {isa = PBXBuildFile; fileRef = 081814C12998C21700DC4C17 /* AppDelegate.swift */; };
		081814C42998C21700DC4C17 /* SceneDelegate.swift in Sources */ = {isa = PBXBuildFile; fileRef = 081814C32998C21700DC4C17 /* SceneDelegate.swift */; };
		081814CB2998C21A00DC4C17 /* Assets.xcassets in Resources */ = {isa = PBXBuildFile; fileRef = 081814CA2998C21A00DC4C17 /* Assets.xcassets */; };
		081814CE2998C21A00DC4C17 /* LaunchScreen.storyboard in Resources */ = {isa = PBXBuildFile; fileRef = 081814CC2998C21A00DC4C17 /* LaunchScreen.storyboard */; };
		081814D92998C21A00DC4C17 /* TipCalculatorTests.swift in Sources */ = {isa = PBXBuildFile; fileRef = 081814D82998C21A00DC4C17 /* TipCalculatorTests.swift */; };
		081814E32998C21A00DC4C17 /* TipCalculatorUITests.swift in Sources */ = {isa = PBXBuildFile; fileRef = 081814E22998C21A00DC4C17 /* TipCalculatorUITests.swift */; };
		081814E52998C21A00DC4C17 /* TipCalculatorUITestsLaunchTests.swift in Sources */ = {isa = PBXBuildFile; fileRef = 081814E42998C21A00DC4C17 /* TipCalculatorUITestsLaunchTests.swift */; };
		081814F32998C6D800DC4C17 /* CombineCocoa in Frameworks */ = {isa = PBXBuildFile; productRef = 081814F22998C6D800DC4C17 /* CombineCocoa */; };
		081814F62998C70600DC4C17 /* SnapKit in Frameworks */ = {isa = PBXBuildFile; productRef = 081814F52998C70600DC4C17 /* SnapKit */; };
		081814F92998C75B00DC4C17 /* CombineCocoa in Frameworks */ = {isa = PBXBuildFile; productRef = 081814F82998C75B00DC4C17 /* CombineCocoa */; };
		081814FF2998C84900DC4C17 /* SnapshotTesting in Frameworks */ = {isa = PBXBuildFile; productRef = 081814FE2998C84900DC4C17 /* SnapshotTesting */; };
		081815012998C86300DC4C17 /* CombineCocoa in Frameworks */ = {isa = PBXBuildFile; productRef = 081815002998C86300DC4C17 /* CombineCocoa */; };
		081B018329A3D51300DEAC1C /* click.m4a in Resources */ = {isa = PBXBuildFile; fileRef = 081B018229A3D51300DEAC1C /* click.m4a */; };
		081B018629A3D54400DEAC1C /* AudioPlayerService.swift in Sources */ = {isa = PBXBuildFile; fileRef = 081B018529A3D54400DEAC1C /* AudioPlayerService.swift */; };
		084F94F6299E7CC000CE5E60 /* TokenDetails.swift in Sources */ = {isa = PBXBuildFile; fileRef = 084F94F5299E7CC000CE5E60 /* TokenDetails.swift */; };
		084F94F8299E800200CE5E60 /* Persistence.swift in Sources */ = {isa = PBXBuildFile; fileRef = 084F94F7299E800200CE5E60 /* Persistence.swift */; };
		084F94FB299E80A100CE5E60 /* Model.xcdatamodeld in Sources */ = {isa = PBXBuildFile; fileRef = 084F94F9299E80A100CE5E60 /* Model.xcdatamodeld */; };
		084F94FD299E864100CE5E60 /* NotificationCenter.swift in Sources */ = {isa = PBXBuildFile; fileRef = 084F94FC299E864100CE5E60 /* NotificationCenter.swift */; };
		084F94FF299E881200CE5E60 /* PushNotifications.swift in Sources */ = {isa = PBXBuildFile; fileRef = 084F94FE299E881200CE5E60 /* PushNotifications.swift */; };
		088C8C1D299A5864000690D7 /* LogoView.swift in Sources */ = {isa = PBXBuildFile; fileRef = 088C8C1C299A5864000690D7 /* LogoView.swift */; };
		088C8C1E299A58AC000690D7 /* CalculatorVC.swift in Sources */ = {isa = PBXBuildFile; fileRef = 081814C52998C21700DC4C17 /* CalculatorVC.swift */; };
		088C8C20299A58D9000690D7 /* ResultView.swift in Sources */ = {isa = PBXBuildFile; fileRef = 088C8C1F299A58D9000690D7 /* ResultView.swift */; };
		088C8C22299A5942000690D7 /* BillingInputView.swift in Sources */ = {isa = PBXBuildFile; fileRef = 088C8C21299A5942000690D7 /* BillingInputView.swift */; };
		088C8C24299A5953000690D7 /* TipInputView.swift in Sources */ = {isa = PBXBuildFile; fileRef = 088C8C23299A5953000690D7 /* TipInputView.swift */; };
		088C8C26299A5964000690D7 /* SplitInputView.swift in Sources */ = {isa = PBXBuildFile; fileRef = 088C8C25299A5964000690D7 /* SplitInputView.swift */; };
		088C8C2B299A850E000690D7 /* ThemeColor.swift in Sources */ = {isa = PBXBuildFile; fileRef = 088C8C2A299A850E000690D7 /* ThemeColor.swift */; };
		088C8C2E299A8559000690D7 /* UIColor+Extension.swift in Sources */ = {isa = PBXBuildFile; fileRef = 088C8C2D299A8559000690D7 /* UIColor+Extension.swift */; };
		088C8C30299A883C000690D7 /* ThemeFont.swift in Sources */ = {isa = PBXBuildFile; fileRef = 088C8C2F299A883C000690D7 /* ThemeFont.swift */; };
		088C8C37299A9813000690D7 /* LabelFactory.swift in Sources */ = {isa = PBXBuildFile; fileRef = 088C8C36299A9813000690D7 /* LabelFactory.swift */; };
		088C8C39299AA6B2000690D7 /* UIView+Extension.swift in Sources */ = {isa = PBXBuildFile; fileRef = 088C8C38299AA6B2000690D7 /* UIView+Extension.swift */; };
		088C8C3B299AC06F000690D7 /* AmountView.swift in Sources */ = {isa = PBXBuildFile; fileRef = 088C8C3A299AC06F000690D7 /* AmountView.swift */; };
		088C8C3E299ADF20000690D7 /* Tip.swift in Sources */ = {isa = PBXBuildFile; fileRef = 088C8C3D299ADF20000690D7 /* Tip.swift */; };
		088C8C40299ADF4E000690D7 /* HeaderView.swift in Sources */ = {isa = PBXBuildFile; fileRef = 088C8C3F299ADF4E000690D7 /* HeaderView.swift */; };
		088C8C43299AEFB4000690D7 /* Data+Extension.swift in Sources */ = {isa = PBXBuildFile; fileRef = 088C8C42299AEFB4000690D7 /* Data+Extension.swift */; };
		088C8C46299B54E6000690D7 /* CalculatorVM.swift in Sources */ = {isa = PBXBuildFile; fileRef = 088C8C45299B54E6000690D7 /* CalculatorVM.swift */; };
		088C8C48299B5612000690D7 /* TipResult.swift in Sources */ = {isa = PBXBuildFile; fileRef = 088C8C47299B5612000690D7 /* TipResult.swift */; };
		088C8C4A299B70F5000690D7 /* Double+Extension.swift in Sources */ = {isa = PBXBuildFile; fileRef = 088C8C49299B70F5000690D7 /* Double+Extension.swift */; };
		088C8C4C299B7106000690D7 /* String+Extension.swift in Sources */ = {isa = PBXBuildFile; fileRef = 088C8C4B299B7106000690D7 /* String+Extension.swift */; };
		088C8C4E299B7A97000690D7 /* UIResponder+Extension.swift in Sources */ = {isa = PBXBuildFile; fileRef = 088C8C4D299B7A97000690D7 /* UIResponder+Extension.swift */; };
		088C8C50299B862B000690D7 /* Int+Extension.swift in Sources */ = {isa = PBXBuildFile; fileRef = 088C8C4F299B862B000690D7 /* Int+Extension.swift */; };
/* End PBXBuildFile section */

/* Begin PBXContainerItemProxy section */
		081814D52998C21A00DC4C17 /* PBXContainerItemProxy */ = {
			isa = PBXContainerItemProxy;
			containerPortal = 081814B62998C21700DC4C17 /* Project object */;
			proxyType = 1;
			remoteGlobalIDString = 081814BD2998C21700DC4C17;
			remoteInfo = TipCalculator;
		};
		081814DF2998C21A00DC4C17 /* PBXContainerItemProxy */ = {
			isa = PBXContainerItemProxy;
			containerPortal = 081814B62998C21700DC4C17 /* Project object */;
			proxyType = 1;
			remoteGlobalIDString = 081814BD2998C21700DC4C17;
			remoteInfo = TipCalculator;
		};
/* End PBXContainerItemProxy section */

/* Begin PBXFileReference section */
		081814BE2998C21700DC4C17 /* TipCalculator.app */ = {isa = PBXFileReference; explicitFileType = wrapper.application; includeInIndex = 0; path = TipCalculator.app; sourceTree = BUILT_PRODUCTS_DIR; };
		081814C12998C21700DC4C17 /* AppDelegate.swift */ = {isa = PBXFileReference; lastKnownFileType = sourcecode.swift; path = AppDelegate.swift; sourceTree = "<group>"; };
		081814C32998C21700DC4C17 /* SceneDelegate.swift */ = {isa = PBXFileReference; lastKnownFileType = sourcecode.swift; path = SceneDelegate.swift; sourceTree = "<group>"; };
		081814C52998C21700DC4C17 /* CalculatorVC.swift */ = {isa = PBXFileReference; lastKnownFileType = sourcecode.swift; path = CalculatorVC.swift; sourceTree = "<group>"; };
		081814CA2998C21A00DC4C17 /* Assets.xcassets */ = {isa = PBXFileReference; lastKnownFileType = folder.assetcatalog; path = Assets.xcassets; sourceTree = "<group>"; };
		081814CD2998C21A00DC4C17 /* Base */ = {isa = PBXFileReference; lastKnownFileType = file.storyboard; name = Base; path = Base.lproj/LaunchScreen.storyboard; sourceTree = "<group>"; };
		081814CF2998C21A00DC4C17 /* Info.plist */ = {isa = PBXFileReference; lastKnownFileType = text.plist.xml; path = Info.plist; sourceTree = "<group>"; };
		081814D42998C21A00DC4C17 /* TipCalculatorTests.xctest */ = {isa = PBXFileReference; explicitFileType = wrapper.cfbundle; includeInIndex = 0; path = TipCalculatorTests.xctest; sourceTree = BUILT_PRODUCTS_DIR; };
		081814D82998C21A00DC4C17 /* TipCalculatorTests.swift */ = {isa = PBXFileReference; lastKnownFileType = sourcecode.swift; path = TipCalculatorTests.swift; sourceTree = "<group>"; };
		081814DE2998C21A00DC4C17 /* TipCalculatorUITests.xctest */ = {isa = PBXFileReference; explicitFileType = wrapper.cfbundle; includeInIndex = 0; path = TipCalculatorUITests.xctest; sourceTree = BUILT_PRODUCTS_DIR; };
		081814E22998C21A00DC4C17 /* TipCalculatorUITests.swift */ = {isa = PBXFileReference; lastKnownFileType = sourcecode.swift; path = TipCalculatorUITests.swift; sourceTree = "<group>"; };
		081814E42998C21A00DC4C17 /* TipCalculatorUITestsLaunchTests.swift */ = {isa = PBXFileReference; lastKnownFileType = sourcecode.swift; path = TipCalculatorUITestsLaunchTests.swift; sourceTree = "<group>"; };
		081B018229A3D51300DEAC1C /* click.m4a */ = {isa = PBXFileReference; lastKnownFileType = file; path = click.m4a; sourceTree = "<group>"; };
		081B018529A3D54400DEAC1C /* AudioPlayerService.swift */ = {isa = PBXFileReference; lastKnownFileType = sourcecode.swift; path = AudioPlayerService.swift; sourceTree = "<group>"; };
		084F94F5299E7CC000CE5E60 /* TokenDetails.swift */ = {isa = PBXFileReference; fileEncoding = 4; lastKnownFileType = sourcecode.swift; path = TokenDetails.swift; sourceTree = "<group>"; };
		084F94F7299E800200CE5E60 /* Persistence.swift */ = {isa = PBXFileReference; fileEncoding = 4; lastKnownFileType = sourcecode.swift; path = Persistence.swift; sourceTree = "<group>"; };
		084F94FA299E80A100CE5E60 /* Model.xcdatamodel */ = {isa = PBXFileReference; lastKnownFileType = wrapper.xcdatamodel; path = Model.xcdatamodel; sourceTree = "<group>"; };
		084F94FC299E864100CE5E60 /* NotificationCenter.swift */ = {isa = PBXFileReference; fileEncoding = 4; lastKnownFileType = sourcecode.swift; path = NotificationCenter.swift; sourceTree = "<group>"; };
		084F94FE299E881200CE5E60 /* PushNotifications.swift */ = {isa = PBXFileReference; fileEncoding = 4; lastKnownFileType = sourcecode.swift; path = PushNotifications.swift; sourceTree = "<group>"; };
		088C8C1C299A5864000690D7 /* LogoView.swift */ = {isa = PBXFileReference; lastKnownFileType = sourcecode.swift; path = LogoView.swift; sourceTree = "<group>"; };
		088C8C1F299A58D9000690D7 /* ResultView.swift */ = {isa = PBXFileReference; lastKnownFileType = sourcecode.swift; path = ResultView.swift; sourceTree = "<group>"; };
		088C8C21299A5942000690D7 /* BillingInputView.swift */ = {isa = PBXFileReference; lastKnownFileType = sourcecode.swift; path = BillingInputView.swift; sourceTree = "<group>"; };
		088C8C23299A5953000690D7 /* TipInputView.swift */ = {isa = PBXFileReference; lastKnownFileType = sourcecode.swift; path = TipInputView.swift; sourceTree = "<group>"; };
		088C8C25299A5964000690D7 /* SplitInputView.swift */ = {isa = PBXFileReference; lastKnownFileType = sourcecode.swift; path = SplitInputView.swift; sourceTree = "<group>"; };
		088C8C2A299A850E000690D7 /* ThemeColor.swift */ = {isa = PBXFileReference; lastKnownFileType = sourcecode.swift; path = ThemeColor.swift; sourceTree = "<group>"; };
		088C8C2D299A8559000690D7 /* UIColor+Extension.swift */ = {isa = PBXFileReference; lastKnownFileType = sourcecode.swift; path = "UIColor+Extension.swift"; sourceTree = "<group>"; };
		088C8C2F299A883C000690D7 /* ThemeFont.swift */ = {isa = PBXFileReference; lastKnownFileType = sourcecode.swift; path = ThemeFont.swift; sourceTree = "<group>"; };
		088C8C32299A8ECA000690D7 /* AvenirNextCyr-Bold.ttf */ = {isa = PBXFileReference; lastKnownFileType = file; path = "AvenirNextCyr-Bold.ttf"; sourceTree = "<group>"; };
		088C8C33299A8ECA000690D7 /* AvenirNextCyr-Demi.ttf */ = {isa = PBXFileReference; lastKnownFileType = file; path = "AvenirNextCyr-Demi.ttf"; sourceTree = "<group>"; };
		088C8C34299A8ECA000690D7 /* AvenirNextCyr-Regular.ttf */ = {isa = PBXFileReference; lastKnownFileType = file; path = "AvenirNextCyr-Regular.ttf"; sourceTree = "<group>"; };
		088C8C36299A9813000690D7 /* LabelFactory.swift */ = {isa = PBXFileReference; lastKnownFileType = sourcecode.swift; path = LabelFactory.swift; sourceTree = "<group>"; };
		088C8C38299AA6B2000690D7 /* UIView+Extension.swift */ = {isa = PBXFileReference; lastKnownFileType = sourcecode.swift; path = "UIView+Extension.swift"; sourceTree = "<group>"; };
		088C8C3A299AC06F000690D7 /* AmountView.swift */ = {isa = PBXFileReference; lastKnownFileType = sourcecode.swift; path = AmountView.swift; sourceTree = "<group>"; };
		088C8C3D299ADF20000690D7 /* Tip.swift */ = {isa = PBXFileReference; lastKnownFileType = sourcecode.swift; path = Tip.swift; sourceTree = "<group>"; };
		088C8C3F299ADF4E000690D7 /* HeaderView.swift */ = {isa = PBXFileReference; lastKnownFileType = sourcecode.swift; path = HeaderView.swift; sourceTree = "<group>"; };
		088C8C41299AE5F1000690D7 /* TipCalculator.entitlements */ = {isa = PBXFileReference; lastKnownFileType = text.plist.entitlements; path = TipCalculator.entitlements; sourceTree = "<group>"; };
		088C8C42299AEFB4000690D7 /* Data+Extension.swift */ = {isa = PBXFileReference; lastKnownFileType = sourcecode.swift; path = "Data+Extension.swift"; sourceTree = "<group>"; };
		088C8C45299B54E6000690D7 /* CalculatorVM.swift */ = {isa = PBXFileReference; lastKnownFileType = sourcecode.swift; path = CalculatorVM.swift; sourceTree = "<group>"; };
		088C8C47299B5612000690D7 /* TipResult.swift */ = {isa = PBXFileReference; lastKnownFileType = sourcecode.swift; path = TipResult.swift; sourceTree = "<group>"; };
		088C8C49299B70F5000690D7 /* Double+Extension.swift */ = {isa = PBXFileReference; lastKnownFileType = sourcecode.swift; path = "Double+Extension.swift"; sourceTree = "<group>"; };
		088C8C4B299B7106000690D7 /* String+Extension.swift */ = {isa = PBXFileReference; lastKnownFileType = sourcecode.swift; path = "String+Extension.swift"; sourceTree = "<group>"; };
		088C8C4D299B7A97000690D7 /* UIResponder+Extension.swift */ = {isa = PBXFileReference; lastKnownFileType = sourcecode.swift; path = "UIResponder+Extension.swift"; sourceTree = "<group>"; };
		088C8C4F299B862B000690D7 /* Int+Extension.swift */ = {isa = PBXFileReference; lastKnownFileType = sourcecode.swift; path = "Int+Extension.swift"; sourceTree = "<group>"; };
/* End PBXFileReference section */

/* Begin PBXFrameworksBuildPhase section */
		081814BB2998C21700DC4C17 /* Frameworks */ = {
			isa = PBXFrameworksBuildPhase;
			buildActionMask = 2147483647;
			files = (
				081814F32998C6D800DC4C17 /* CombineCocoa in Frameworks */,
				081814F62998C70600DC4C17 /* SnapKit in Frameworks */,
			);
			runOnlyForDeploymentPostprocessing = 0;
		};
		081814D12998C21A00DC4C17 /* Frameworks */ = {
			isa = PBXFrameworksBuildPhase;
			buildActionMask = 2147483647;
			files = (
				081814F92998C75B00DC4C17 /* CombineCocoa in Frameworks */,
				081814FF2998C84900DC4C17 /* SnapshotTesting in Frameworks */,
			);
			runOnlyForDeploymentPostprocessing = 0;
		};
		081814DB2998C21A00DC4C17 /* Frameworks */ = {
			isa = PBXFrameworksBuildPhase;
			buildActionMask = 2147483647;
			files = (
				081815012998C86300DC4C17 /* CombineCocoa in Frameworks */,
			);
			runOnlyForDeploymentPostprocessing = 0;
		};
/* End PBXFrameworksBuildPhase section */

/* Begin PBXGroup section */
		081814B52998C21700DC4C17 = {
			isa = PBXGroup;
			children = (
				084F94F9299E80A100CE5E60 /* Model.xcdatamodeld */,
				081814C02998C21700DC4C17 /* TipCalculator */,
				081814D72998C21A00DC4C17 /* TipCalculatorTests */,
				081814E12998C21A00DC4C17 /* TipCalculatorUITests */,
				081814BF2998C21700DC4C17 /* Products */,
				081814F72998C75B00DC4C17 /* Frameworks */,
			);
			sourceTree = "<group>";
		};
		081814BF2998C21700DC4C17 /* Products */ = {
			isa = PBXGroup;
			children = (
				081814BE2998C21700DC4C17 /* TipCalculator.app */,
				081814D42998C21A00DC4C17 /* TipCalculatorTests.xctest */,
				081814DE2998C21A00DC4C17 /* TipCalculatorUITests.xctest */,
			);
			name = Products;
			sourceTree = "<group>";
		};
		081814C02998C21700DC4C17 /* TipCalculator */ = {
			isa = PBXGroup;
			children = (
				081B018429A3D53600DEAC1C /* Service */,
				081B018129A3D50000DEAC1C /* Resources */,
				088C8C44299B54D7000690D7 /* View Model */,
				088C8C3C299ADF14000690D7 /* Model */,
				088C8C35299A9808000690D7 /* Factory */,
				088C8C31299A8EC0000690D7 /* Fonts */,
				088C8C2C299A8538000690D7 /* Extension */,
				088C8C29299A84FF000690D7 /* Config */,
				088C8C1B299A5857000690D7 /* View */,
				088C8C1A299A568F000690D7 /* Application */,
				081814CA2998C21A00DC4C17 /* Assets.xcassets */,
				081814CC2998C21A00DC4C17 /* LaunchScreen.storyboard */,
			);
			path = TipCalculator;
			sourceTree = "<group>";
		};
		081814D72998C21A00DC4C17 /* TipCalculatorTests */ = {
			isa = PBXGroup;
			children = (
				081814D82998C21A00DC4C17 /* TipCalculatorTests.swift */,
			);
			path = TipCalculatorTests;
			sourceTree = "<group>";
		};
		081814E12998C21A00DC4C17 /* TipCalculatorUITests */ = {
			isa = PBXGroup;
			children = (
				081814E22998C21A00DC4C17 /* TipCalculatorUITests.swift */,
				081814E42998C21A00DC4C17 /* TipCalculatorUITestsLaunchTests.swift */,
			);
			path = TipCalculatorUITests;
			sourceTree = "<group>";
		};
		081814F72998C75B00DC4C17 /* Frameworks */ = {
			isa = PBXGroup;
			children = (
			);
			name = Frameworks;
			sourceTree = "<group>";
		};
		081B018129A3D50000DEAC1C /* Resources */ = {
			isa = PBXGroup;
			children = (
				081B018229A3D51300DEAC1C /* click.m4a */,
			);
			path = Resources;
			sourceTree = "<group>";
		};
		081B018429A3D53600DEAC1C /* Service */ = {
			isa = PBXGroup;
			children = (
				081B018529A3D54400DEAC1C /* AudioPlayerService.swift */,
			);
			path = Service;
			sourceTree = "<group>";
		};
		088C8C1A299A568F000690D7 /* Application */ = {
			isa = PBXGroup;
			children = (
				084F94FC299E864100CE5E60 /* NotificationCenter.swift */,
				084F94F7299E800200CE5E60 /* Persistence.swift */,
				084F94FE299E881200CE5E60 /* PushNotifications.swift */,
				081814C12998C21700DC4C17 /* AppDelegate.swift */,
				081814C32998C21700DC4C17 /* SceneDelegate.swift */,
				088C8C41299AE5F1000690D7 /* TipCalculator.entitlements */,
				081814CF2998C21A00DC4C17 /* Info.plist */,
			);
			path = Application;
			sourceTree = "<group>";
		};
		088C8C1B299A5857000690D7 /* View */ = {
			isa = PBXGroup;
			children = (
				088C8C1C299A5864000690D7 /* LogoView.swift */,
				088C8C1F299A58D9000690D7 /* ResultView.swift */,
				088C8C21299A5942000690D7 /* BillingInputView.swift */,
				088C8C23299A5953000690D7 /* TipInputView.swift */,
				088C8C25299A5964000690D7 /* SplitInputView.swift */,
				081814C52998C21700DC4C17 /* CalculatorVC.swift */,
				088C8C3A299AC06F000690D7 /* AmountView.swift */,
				088C8C3F299ADF4E000690D7 /* HeaderView.swift */,
			);
			path = View;
			sourceTree = "<group>";
		};
		088C8C29299A84FF000690D7 /* Config */ = {
			isa = PBXGroup;
			children = (
				088C8C2A299A850E000690D7 /* ThemeColor.swift */,
				088C8C2F299A883C000690D7 /* ThemeFont.swift */,
			);
			path = Config;
			sourceTree = "<group>";
		};
		088C8C2C299A8538000690D7 /* Extension */ = {
			isa = PBXGroup;
			children = (
				088C8C2D299A8559000690D7 /* UIColor+Extension.swift */,
				088C8C38299AA6B2000690D7 /* UIView+Extension.swift */,
				088C8C42299AEFB4000690D7 /* Data+Extension.swift */,
				088C8C49299B70F5000690D7 /* Double+Extension.swift */,
				088C8C4B299B7106000690D7 /* String+Extension.swift */,
				088C8C4D299B7A97000690D7 /* UIResponder+Extension.swift */,
				088C8C4F299B862B000690D7 /* Int+Extension.swift */,
			);
			path = Extension;
			sourceTree = "<group>";
		};
		088C8C31299A8EC0000690D7 /* Fonts */ = {
			isa = PBXGroup;
			children = (
				088C8C32299A8ECA000690D7 /* AvenirNextCyr-Bold.ttf */,
				088C8C33299A8ECA000690D7 /* AvenirNextCyr-Demi.ttf */,
				088C8C34299A8ECA000690D7 /* AvenirNextCyr-Regular.ttf */,
			);
			path = Fonts;
			sourceTree = "<group>";
		};
		088C8C35299A9808000690D7 /* Factory */ = {
			isa = PBXGroup;
			children = (
				088C8C36299A9813000690D7 /* LabelFactory.swift */,
			);
			path = Factory;
			sourceTree = "<group>";
		};
		088C8C3C299ADF14000690D7 /* Model */ = {
			isa = PBXGroup;
			children = (
				084F94F5299E7CC000CE5E60 /* TokenDetails.swift */,
				088C8C3D299ADF20000690D7 /* Tip.swift */,
				088C8C47299B5612000690D7 /* TipResult.swift */,
			);
			path = Model;
			sourceTree = "<group>";
		};
		088C8C44299B54D7000690D7 /* View Model */ = {
			isa = PBXGroup;
			children = (
				088C8C45299B54E6000690D7 /* CalculatorVM.swift */,
			);
			path = "View Model";
			sourceTree = "<group>";
		};
/* End PBXGroup section */

/* Begin PBXNativeTarget section */
		081814BD2998C21700DC4C17 /* TipCalculator */ = {
			isa = PBXNativeTarget;
			buildConfigurationList = 081814E82998C21A00DC4C17 /* Build configuration list for PBXNativeTarget "TipCalculator" */;
			buildPhases = (
				081814BA2998C21700DC4C17 /* Sources */,
				081814BB2998C21700DC4C17 /* Frameworks */,
				081814BC2998C21700DC4C17 /* Resources */,
			);
			buildRules = (
			);
			dependencies = (
			);
			name = TipCalculator;
			packageProductDependencies = (
				081814F22998C6D800DC4C17 /* CombineCocoa */,
				081814F52998C70600DC4C17 /* SnapKit */,
			);
			productName = TipCalculator;
			productReference = 081814BE2998C21700DC4C17 /* TipCalculator.app */;
			productType = "com.apple.product-type.application";
		};
		081814D32998C21A00DC4C17 /* TipCalculatorTests */ = {
			isa = PBXNativeTarget;
			buildConfigurationList = 081814EB2998C21A00DC4C17 /* Build configuration list for PBXNativeTarget "TipCalculatorTests" */;
			buildPhases = (
				081814D02998C21A00DC4C17 /* Sources */,
				081814D12998C21A00DC4C17 /* Frameworks */,
				081814D22998C21A00DC4C17 /* Resources */,
			);
			buildRules = (
			);
			dependencies = (
				081814D62998C21A00DC4C17 /* PBXTargetDependency */,
			);
			name = TipCalculatorTests;
			packageProductDependencies = (
				081814F82998C75B00DC4C17 /* CombineCocoa */,
				081814FE2998C84900DC4C17 /* SnapshotTesting */,
			);
			productName = TipCalculatorTests;
			productReference = 081814D42998C21A00DC4C17 /* TipCalculatorTests.xctest */;
			productType = "com.apple.product-type.bundle.unit-test";
		};
		081814DD2998C21A00DC4C17 /* TipCalculatorUITests */ = {
			isa = PBXNativeTarget;
			buildConfigurationList = 081814EE2998C21A00DC4C17 /* Build configuration list for PBXNativeTarget "TipCalculatorUITests" */;
			buildPhases = (
				081814DA2998C21A00DC4C17 /* Sources */,
				081814DB2998C21A00DC4C17 /* Frameworks */,
				081814DC2998C21A00DC4C17 /* Resources */,
			);
			buildRules = (
			);
			dependencies = (
				081814E02998C21A00DC4C17 /* PBXTargetDependency */,
			);
			name = TipCalculatorUITests;
			packageProductDependencies = (
				081815002998C86300DC4C17 /* CombineCocoa */,
			);
			productName = TipCalculatorUITests;
			productReference = 081814DE2998C21A00DC4C17 /* TipCalculatorUITests.xctest */;
			productType = "com.apple.product-type.bundle.ui-testing";
		};
/* End PBXNativeTarget section */

/* Begin PBXProject section */
		081814B62998C21700DC4C17 /* Project object */ = {
			isa = PBXProject;
			attributes = {
				BuildIndependentTargetsInParallel = 1;
				LastSwiftUpdateCheck = 1420;
				LastUpgradeCheck = 1420;
				TargetAttributes = {
					081814BD2998C21700DC4C17 = {
						CreatedOnToolsVersion = 14.2;
					};
					081814D32998C21A00DC4C17 = {
						CreatedOnToolsVersion = 14.2;
						TestTargetID = 081814BD2998C21700DC4C17;
					};
					081814DD2998C21A00DC4C17 = {
						CreatedOnToolsVersion = 14.2;
						TestTargetID = 081814BD2998C21700DC4C17;
					};
				};
			};
			buildConfigurationList = 081814B92998C21700DC4C17 /* Build configuration list for PBXProject "TipCalculator" */;
			compatibilityVersion = "Xcode 14.0";
			developmentRegion = en;
			hasScannedForEncodings = 0;
			knownRegions = (
				en,
				Base,
			);
			mainGroup = 081814B52998C21700DC4C17;
			packageReferences = (
				081814F12998C6D800DC4C17 /* XCRemoteSwiftPackageReference "CombineCocoa" */,
				081814F42998C70600DC4C17 /* XCRemoteSwiftPackageReference "SnapKit" */,
				081814FD2998C84900DC4C17 /* XCRemoteSwiftPackageReference "swift-snapshot-testing" */,
			);
			productRefGroup = 081814BF2998C21700DC4C17 /* Products */;
			projectDirPath = "";
			projectRoot = "";
			targets = (
				081814BD2998C21700DC4C17 /* TipCalculator */,
				081814D32998C21A00DC4C17 /* TipCalculatorTests */,
				081814DD2998C21A00DC4C17 /* TipCalculatorUITests */,
			);
		};
/* End PBXProject section */

/* Begin PBXResourcesBuildPhase section */
		081814BC2998C21700DC4C17 /* Resources */ = {
			isa = PBXResourcesBuildPhase;
			buildActionMask = 2147483647;
			files = (
				081B018329A3D51300DEAC1C /* click.m4a in Resources */,
				081814CE2998C21A00DC4C17 /* LaunchScreen.storyboard in Resources */,
				081814CB2998C21A00DC4C17 /* Assets.xcassets in Resources */,
			);
			runOnlyForDeploymentPostprocessing = 0;
		};
		081814D22998C21A00DC4C17 /* Resources */ = {
			isa = PBXResourcesBuildPhase;
			buildActionMask = 2147483647;
			files = (
			);
			runOnlyForDeploymentPostprocessing = 0;
		};
		081814DC2998C21A00DC4C17 /* Resources */ = {
			isa = PBXResourcesBuildPhase;
			buildActionMask = 2147483647;
			files = (
			);
			runOnlyForDeploymentPostprocessing = 0;
		};
/* End PBXResourcesBuildPhase section */

/* Begin PBXSourcesBuildPhase section */
		081814BA2998C21700DC4C17 /* Sources */ = {
			isa = PBXSourcesBuildPhase;
			buildActionMask = 2147483647;
			files = (
				084F94FF299E881200CE5E60 /* PushNotifications.swift in Sources */,
				088C8C3B299AC06F000690D7 /* AmountView.swift in Sources */,
				088C8C43299AEFB4000690D7 /* Data+Extension.swift in Sources */,
				088C8C48299B5612000690D7 /* TipResult.swift in Sources */,
				088C8C1E299A58AC000690D7 /* CalculatorVC.swift in Sources */,
				088C8C39299AA6B2000690D7 /* UIView+Extension.swift in Sources */,
				081814C22998C21700DC4C17 /* AppDelegate.swift in Sources */,
				088C8C2B299A850E000690D7 /* ThemeColor.swift in Sources */,
				084F94FD299E864100CE5E60 /* NotificationCenter.swift in Sources */,
				088C8C20299A58D9000690D7 /* ResultView.swift in Sources */,
				088C8C4A299B70F5000690D7 /* Double+Extension.swift in Sources */,
				088C8C1D299A5864000690D7 /* LogoView.swift in Sources */,
				081B018629A3D54400DEAC1C /* AudioPlayerService.swift in Sources */,
				088C8C4E299B7A97000690D7 /* UIResponder+Extension.swift in Sources */,
				084F94FB299E80A100CE5E60 /* Model.xcdatamodeld in Sources */,
				081814C42998C21700DC4C17 /* SceneDelegate.swift in Sources */,
				088C8C22299A5942000690D7 /* BillingInputView.swift in Sources */,
				088C8C26299A5964000690D7 /* SplitInputView.swift in Sources */,
				088C8C30299A883C000690D7 /* ThemeFont.swift in Sources */,
				088C8C37299A9813000690D7 /* LabelFactory.swift in Sources */,
				088C8C4C299B7106000690D7 /* String+Extension.swift in Sources */,
				088C8C50299B862B000690D7 /* Int+Extension.swift in Sources */,
				088C8C3E299ADF20000690D7 /* Tip.swift in Sources */,
				084F94F8299E800200CE5E60 /* Persistence.swift in Sources */,
				088C8C24299A5953000690D7 /* TipInputView.swift in Sources */,
				084F94F6299E7CC000CE5E60 /* TokenDetails.swift in Sources */,
				088C8C2E299A8559000690D7 /* UIColor+Extension.swift in Sources */,
				088C8C46299B54E6000690D7 /* CalculatorVM.swift in Sources */,
				088C8C40299ADF4E000690D7 /* HeaderView.swift in Sources */,
			);
			runOnlyForDeploymentPostprocessing = 0;
		};
		081814D02998C21A00DC4C17 /* Sources */ = {
			isa = PBXSourcesBuildPhase;
			buildActionMask = 2147483647;
			files = (
				081814D92998C21A00DC4C17 /* TipCalculatorTests.swift in Sources */,
			);
			runOnlyForDeploymentPostprocessing = 0;
		};
		081814DA2998C21A00DC4C17 /* Sources */ = {
			isa = PBXSourcesBuildPhase;
			buildActionMask = 2147483647;
			files = (
				081814E52998C21A00DC4C17 /* TipCalculatorUITestsLaunchTests.swift in Sources */,
				081814E32998C21A00DC4C17 /* TipCalculatorUITests.swift in Sources */,
			);
			runOnlyForDeploymentPostprocessing = 0;
		};
/* End PBXSourcesBuildPhase section */

/* Begin PBXTargetDependency section */
		081814D62998C21A00DC4C17 /* PBXTargetDependency */ = {
			isa = PBXTargetDependency;
			target = 081814BD2998C21700DC4C17 /* TipCalculator */;
			targetProxy = 081814D52998C21A00DC4C17 /* PBXContainerItemProxy */;
		};
		081814E02998C21A00DC4C17 /* PBXTargetDependency */ = {
			isa = PBXTargetDependency;
			target = 081814BD2998C21700DC4C17 /* TipCalculator */;
			targetProxy = 081814DF2998C21A00DC4C17 /* PBXContainerItemProxy */;
		};
/* End PBXTargetDependency section */

/* Begin PBXVariantGroup section */
		081814CC2998C21A00DC4C17 /* LaunchScreen.storyboard */ = {
			isa = PBXVariantGroup;
			children = (
				081814CD2998C21A00DC4C17 /* Base */,
			);
			name = LaunchScreen.storyboard;
			sourceTree = "<group>";
		};
/* End PBXVariantGroup section */

/* Begin XCBuildConfiguration section */
		081814E62998C21A00DC4C17 /* Debug */ = {
			isa = XCBuildConfiguration;
			buildSettings = {
				ALWAYS_SEARCH_USER_PATHS = NO;
				CLANG_ANALYZER_NONNULL = YES;
				CLANG_ANALYZER_NUMBER_OBJECT_CONVERSION = YES_AGGRESSIVE;
				CLANG_CXX_LANGUAGE_STANDARD = "gnu++20";
				CLANG_ENABLE_MODULES = YES;
				CLANG_ENABLE_OBJC_ARC = YES;
				CLANG_ENABLE_OBJC_WEAK = YES;
				CLANG_WARN_BLOCK_CAPTURE_AUTORELEASING = YES;
				CLANG_WARN_BOOL_CONVERSION = YES;
				CLANG_WARN_COMMA = YES;
				CLANG_WARN_CONSTANT_CONVERSION = YES;
				CLANG_WARN_DEPRECATED_OBJC_IMPLEMENTATIONS = YES;
				CLANG_WARN_DIRECT_OBJC_ISA_USAGE = YES_ERROR;
				CLANG_WARN_DOCUMENTATION_COMMENTS = YES;
				CLANG_WARN_EMPTY_BODY = YES;
				CLANG_WARN_ENUM_CONVERSION = YES;
				CLANG_WARN_INFINITE_RECURSION = YES;
				CLANG_WARN_INT_CONVERSION = YES;
				CLANG_WARN_NON_LITERAL_NULL_CONVERSION = YES;
				CLANG_WARN_OBJC_IMPLICIT_RETAIN_SELF = YES;
				CLANG_WARN_OBJC_LITERAL_CONVERSION = YES;
				CLANG_WARN_OBJC_ROOT_CLASS = YES_ERROR;
				CLANG_WARN_QUOTED_INCLUDE_IN_FRAMEWORK_HEADER = YES;
				CLANG_WARN_RANGE_LOOP_ANALYSIS = YES;
				CLANG_WARN_STRICT_PROTOTYPES = YES;
				CLANG_WARN_SUSPICIOUS_MOVE = YES;
				CLANG_WARN_UNGUARDED_AVAILABILITY = YES_AGGRESSIVE;
				CLANG_WARN_UNREACHABLE_CODE = YES;
				CLANG_WARN__DUPLICATE_METHOD_MATCH = YES;
				COPY_PHASE_STRIP = NO;
				DEBUG_INFORMATION_FORMAT = dwarf;
				ENABLE_STRICT_OBJC_MSGSEND = YES;
				ENABLE_TESTABILITY = YES;
				GCC_C_LANGUAGE_STANDARD = gnu11;
				GCC_DYNAMIC_NO_PIC = NO;
				GCC_NO_COMMON_BLOCKS = YES;
				GCC_OPTIMIZATION_LEVEL = 0;
				GCC_PREPROCESSOR_DEFINITIONS = (
					"DEBUG=1",
					"$(inherited)",
				);
				GCC_WARN_64_TO_32_BIT_CONVERSION = YES;
				GCC_WARN_ABOUT_RETURN_TYPE = YES_ERROR;
				GCC_WARN_UNDECLARED_SELECTOR = YES;
				GCC_WARN_UNINITIALIZED_AUTOS = YES_AGGRESSIVE;
				GCC_WARN_UNUSED_FUNCTION = YES;
				GCC_WARN_UNUSED_VARIABLE = YES;
				IPHONEOS_DEPLOYMENT_TARGET = 16.2;
				MTL_ENABLE_DEBUG_INFO = INCLUDE_SOURCE;
				MTL_FAST_MATH = YES;
				ONLY_ACTIVE_ARCH = YES;
				SDKROOT = iphoneos;
				SWIFT_ACTIVE_COMPILATION_CONDITIONS = DEBUG;
				SWIFT_OPTIMIZATION_LEVEL = "-Onone";
			};
			name = Debug;
		};
		081814E72998C21A00DC4C17 /* Release */ = {
			isa = XCBuildConfiguration;
			buildSettings = {
				ALWAYS_SEARCH_USER_PATHS = NO;
				CLANG_ANALYZER_NONNULL = YES;
				CLANG_ANALYZER_NUMBER_OBJECT_CONVERSION = YES_AGGRESSIVE;
				CLANG_CXX_LANGUAGE_STANDARD = "gnu++20";
				CLANG_ENABLE_MODULES = YES;
				CLANG_ENABLE_OBJC_ARC = YES;
				CLANG_ENABLE_OBJC_WEAK = YES;
				CLANG_WARN_BLOCK_CAPTURE_AUTORELEASING = YES;
				CLANG_WARN_BOOL_CONVERSION = YES;
				CLANG_WARN_COMMA = YES;
				CLANG_WARN_CONSTANT_CONVERSION = YES;
				CLANG_WARN_DEPRECATED_OBJC_IMPLEMENTATIONS = YES;
				CLANG_WARN_DIRECT_OBJC_ISA_USAGE = YES_ERROR;
				CLANG_WARN_DOCUMENTATION_COMMENTS = YES;
				CLANG_WARN_EMPTY_BODY = YES;
				CLANG_WARN_ENUM_CONVERSION = YES;
				CLANG_WARN_INFINITE_RECURSION = YES;
				CLANG_WARN_INT_CONVERSION = YES;
				CLANG_WARN_NON_LITERAL_NULL_CONVERSION = YES;
				CLANG_WARN_OBJC_IMPLICIT_RETAIN_SELF = YES;
				CLANG_WARN_OBJC_LITERAL_CONVERSION = YES;
				CLANG_WARN_OBJC_ROOT_CLASS = YES_ERROR;
				CLANG_WARN_QUOTED_INCLUDE_IN_FRAMEWORK_HEADER = YES;
				CLANG_WARN_RANGE_LOOP_ANALYSIS = YES;
				CLANG_WARN_STRICT_PROTOTYPES = YES;
				CLANG_WARN_SUSPICIOUS_MOVE = YES;
				CLANG_WARN_UNGUARDED_AVAILABILITY = YES_AGGRESSIVE;
				CLANG_WARN_UNREACHABLE_CODE = YES;
				CLANG_WARN__DUPLICATE_METHOD_MATCH = YES;
				COPY_PHASE_STRIP = NO;
				DEBUG_INFORMATION_FORMAT = "dwarf-with-dsym";
				ENABLE_NS_ASSERTIONS = NO;
				ENABLE_STRICT_OBJC_MSGSEND = YES;
				GCC_C_LANGUAGE_STANDARD = gnu11;
				GCC_NO_COMMON_BLOCKS = YES;
				GCC_WARN_64_TO_32_BIT_CONVERSION = YES;
				GCC_WARN_ABOUT_RETURN_TYPE = YES_ERROR;
				GCC_WARN_UNDECLARED_SELECTOR = YES;
				GCC_WARN_UNINITIALIZED_AUTOS = YES_AGGRESSIVE;
				GCC_WARN_UNUSED_FUNCTION = YES;
				GCC_WARN_UNUSED_VARIABLE = YES;
				IPHONEOS_DEPLOYMENT_TARGET = 16.2;
				MTL_ENABLE_DEBUG_INFO = NO;
				MTL_FAST_MATH = YES;
				SDKROOT = iphoneos;
				SWIFT_COMPILATION_MODE = wholemodule;
				SWIFT_OPTIMIZATION_LEVEL = "-O";
				VALIDATE_PRODUCT = YES;
			};
			name = Release;
		};
		081814E92998C21A00DC4C17 /* Debug */ = {
			isa = XCBuildConfiguration;
			buildSettings = {
				ASSETCATALOG_COMPILER_APPICON_NAME = AppIcon;
				ASSETCATALOG_COMPILER_GLOBAL_ACCENT_COLOR_NAME = AccentColor;
				CODE_SIGN_ENTITLEMENTS = TipCalculator/Application/TipCalculator.entitlements;
				CODE_SIGN_STYLE = Automatic;
				CURRENT_PROJECT_VERSION = 1;
				DEVELOPMENT_TEAM = QQ5FDJWTRX;
				GENERATE_INFOPLIST_FILE = YES;
				INFOPLIST_FILE = TipCalculator/Application/Info.plist;
				INFOPLIST_KEY_UIApplicationSupportsIndirectInputEvents = YES;
				INFOPLIST_KEY_UILaunchStoryboardName = LaunchScreen;
				INFOPLIST_KEY_UISupportedInterfaceOrientations_iPad = "UIInterfaceOrientationPortrait UIInterfaceOrientationPortraitUpsideDown UIInterfaceOrientationLandscapeLeft UIInterfaceOrientationLandscapeRight";
				INFOPLIST_KEY_UISupportedInterfaceOrientations_iPhone = "UIInterfaceOrientationPortrait UIInterfaceOrientationLandscapeLeft UIInterfaceOrientationLandscapeRight";
				LD_RUNPATH_SEARCH_PATHS = (
					"$(inherited)",
					"@executable_path/Frameworks",
				);
				MARKETING_VERSION = 1.0;
				PRODUCT_BUNDLE_IDENTIFIER = ru.afirthes.TipCalculator;
				PRODUCT_NAME = "$(TARGET_NAME)";
				SWIFT_EMIT_LOC_STRINGS = YES;
				SWIFT_VERSION = 5.0;
				TARGETED_DEVICE_FAMILY = "1,2";
			};
			name = Debug;
		};
		081814EA2998C21A00DC4C17 /* Release */ = {
			isa = XCBuildConfiguration;
			buildSettings = {
				ASSETCATALOG_COMPILER_APPICON_NAME = AppIcon;
				ASSETCATALOG_COMPILER_GLOBAL_ACCENT_COLOR_NAME = AccentColor;
				CODE_SIGN_ENTITLEMENTS = TipCalculator/Application/TipCalculator.entitlements;
				CODE_SIGN_STYLE = Automatic;
				CURRENT_PROJECT_VERSION = 1;
				DEVELOPMENT_TEAM = QQ5FDJWTRX;
				GENERATE_INFOPLIST_FILE = YES;
				INFOPLIST_FILE = TipCalculator/Application/Info.plist;
				INFOPLIST_KEY_UIApplicationSupportsIndirectInputEvents = YES;
				INFOPLIST_KEY_UILaunchStoryboardName = LaunchScreen;
				INFOPLIST_KEY_UISupportedInterfaceOrientations_iPad = "UIInterfaceOrientationPortrait UIInterfaceOrientationPortraitUpsideDown UIInterfaceOrientationLandscapeLeft UIInterfaceOrientationLandscapeRight";
				INFOPLIST_KEY_UISupportedInterfaceOrientations_iPhone = "UIInterfaceOrientationPortrait UIInterfaceOrientationLandscapeLeft UIInterfaceOrientationLandscapeRight";
				LD_RUNPATH_SEARCH_PATHS = (
					"$(inherited)",
					"@executable_path/Frameworks",
				);
				MARKETING_VERSION = 1.0;
				PRODUCT_BUNDLE_IDENTIFIER = ru.afirthes.TipCalculator;
				PRODUCT_NAME = "$(TARGET_NAME)";
				SWIFT_EMIT_LOC_STRINGS = YES;
				SWIFT_VERSION = 5.0;
				TARGETED_DEVICE_FAMILY = "1,2";
			};
			name = Release;
		};
		081814EC2998C21A00DC4C17 /* Debug */ = {
			isa = XCBuildConfiguration;
			buildSettings = {
				ALWAYS_EMBED_SWIFT_STANDARD_LIBRARIES = YES;
				BUNDLE_LOADER = "$(TEST_HOST)";
				CODE_SIGN_STYLE = Automatic;
				CURRENT_PROJECT_VERSION = 1;
				DEVELOPMENT_TEAM = QQ5FDJWTRX;
				GENERATE_INFOPLIST_FILE = YES;
				IPHONEOS_DEPLOYMENT_TARGET = 16.2;
				MARKETING_VERSION = 1.0;
				PRODUCT_BUNDLE_IDENTIFIER = ru.afirthes.TipCalculatorTests;
				PRODUCT_NAME = "$(TARGET_NAME)";
				SWIFT_EMIT_LOC_STRINGS = NO;
				SWIFT_VERSION = 5.0;
				TARGETED_DEVICE_FAMILY = "1,2";
				TEST_HOST = "$(BUILT_PRODUCTS_DIR)/TipCalculator.app/$(BUNDLE_EXECUTABLE_FOLDER_PATH)/TipCalculator";
			};
			name = Debug;
		};
		081814ED2998C21A00DC4C17 /* Release */ = {
			isa = XCBuildConfiguration;
			buildSettings = {
				ALWAYS_EMBED_SWIFT_STANDARD_LIBRARIES = YES;
				BUNDLE_LOADER = "$(TEST_HOST)";
				CODE_SIGN_STYLE = Automatic;
				CURRENT_PROJECT_VERSION = 1;
				DEVELOPMENT_TEAM = QQ5FDJWTRX;
				GENERATE_INFOPLIST_FILE = YES;
				IPHONEOS_DEPLOYMENT_TARGET = 16.2;
				MARKETING_VERSION = 1.0;
				PRODUCT_BUNDLE_IDENTIFIER = ru.afirthes.TipCalculatorTests;
				PRODUCT_NAME = "$(TARGET_NAME)";
				SWIFT_EMIT_LOC_STRINGS = NO;
				SWIFT_VERSION = 5.0;
				TARGETED_DEVICE_FAMILY = "1,2";
				TEST_HOST = "$(BUILT_PRODUCTS_DIR)/TipCalculator.app/$(BUNDLE_EXECUTABLE_FOLDER_PATH)/TipCalculator";
			};
			name = Release;
		};
		081814EF2998C21A00DC4C17 /* Debug */ = {
			isa = XCBuildConfiguration;
			buildSettings = {
				ALWAYS_EMBED_SWIFT_STANDARD_LIBRARIES = YES;
				CODE_SIGN_STYLE = Automatic;
				CURRENT_PROJECT_VERSION = 1;
				DEVELOPMENT_TEAM = QQ5FDJWTRX;
				GENERATE_INFOPLIST_FILE = YES;
				MARKETING_VERSION = 1.0;
				PRODUCT_BUNDLE_IDENTIFIER = ru.afirthes.TipCalculatorUITests;
				PRODUCT_NAME = "$(TARGET_NAME)";
				SWIFT_EMIT_LOC_STRINGS = NO;
				SWIFT_VERSION = 5.0;
				TARGETED_DEVICE_FAMILY = "1,2";
				TEST_TARGET_NAME = TipCalculator;
			};
			name = Debug;
		};
		081814F02998C21A00DC4C17 /* Release */ = {
			isa = XCBuildConfiguration;
			buildSettings = {
				ALWAYS_EMBED_SWIFT_STANDARD_LIBRARIES = YES;
				CODE_SIGN_STYLE = Automatic;
				CURRENT_PROJECT_VERSION = 1;
				DEVELOPMENT_TEAM = QQ5FDJWTRX;
				GENERATE_INFOPLIST_FILE = YES;
				MARKETING_VERSION = 1.0;
				PRODUCT_BUNDLE_IDENTIFIER = ru.afirthes.TipCalculatorUITests;
				PRODUCT_NAME = "$(TARGET_NAME)";
				SWIFT_EMIT_LOC_STRINGS = NO;
				SWIFT_VERSION = 5.0;
				TARGETED_DEVICE_FAMILY = "1,2";
				TEST_TARGET_NAME = TipCalculator;
			};
			name = Release;
		};
/* End XCBuildConfiguration section */

/* Begin XCConfigurationList section */
		081814B92998C21700DC4C17 /* Build configuration list for PBXProject "TipCalculator" */ = {
			isa = XCConfigurationList;
			buildConfigurations = (
				081814E62998C21A00DC4C17 /* Debug */,
				081814E72998C21A00DC4C17 /* Release */,
			);
			defaultConfigurationIsVisible = 0;
			defaultConfigurationName = Release;
		};
		081814E82998C21A00DC4C17 /* Build configuration list for PBXNativeTarget "TipCalculator" */ = {
			isa = XCConfigurationList;
			buildConfigurations = (
				081814E92998C21A00DC4C17 /* Debug */,
				081814EA2998C21A00DC4C17 /* Release */,
			);
			defaultConfigurationIsVisible = 0;
			defaultConfigurationName = Release;
		};
		081814EB2998C21A00DC4C17 /* Build configuration list for PBXNativeTarget "TipCalculatorTests" */ = {
			isa = XCConfigurationList;
			buildConfigurations = (
				081814EC2998C21A00DC4C17 /* Debug */,
				081814ED2998C21A00DC4C17 /* Release */,
			);
			defaultConfigurationIsVisible = 0;
			defaultConfigurationName = Release;
		};
		081814EE2998C21A00DC4C17 /* Build configuration list for PBXNativeTarget "TipCalculatorUITests" */ = {
			isa = XCConfigurationList;
			buildConfigurations = (
				081814EF2998C21A00DC4C17 /* Debug */,
				081814F02998C21A00DC4C17 /* Release */,
			);
			defaultConfigurationIsVisible = 0;
			defaultConfigurationName = Release;
		};
/* End XCConfigurationList section */

/* Begin XCRemoteSwiftPackageReference section */
		081814F12998C6D800DC4C17 /* XCRemoteSwiftPackageReference "CombineCocoa" */ = {
			isa = XCRemoteSwiftPackageReference;
			repositoryURL = "https://github.com/CombineCommunity/CombineCocoa";
			requirement = {
				kind = upToNextMajorVersion;
				minimumVersion = 0.4.1;
			};
		};
		081814F42998C70600DC4C17 /* XCRemoteSwiftPackageReference "SnapKit" */ = {
			isa = XCRemoteSwiftPackageReference;
			repositoryURL = "https://github.com/SnapKit/SnapKit.git";
			requirement = {
				branch = develop;
				kind = branch;
			};
		};
		081814FD2998C84900DC4C17 /* XCRemoteSwiftPackageReference "swift-snapshot-testing" */ = {
			isa = XCRemoteSwiftPackageReference;
			repositoryURL = "https://github.com/pointfreeco/swift-snapshot-testing";
			requirement = {
				kind = upToNextMajorVersion;
				minimumVersion = 1.0.0;
			};
		};
/* End XCRemoteSwiftPackageReference section */

/* Begin XCSwiftPackageProductDependency section */
		081814F22998C6D800DC4C17 /* CombineCocoa */ = {
			isa = XCSwiftPackageProductDependency;
			package = 081814F12998C6D800DC4C17 /* XCRemoteSwiftPackageReference "CombineCocoa" */;
			productName = CombineCocoa;
		};
		081814F52998C70600DC4C17 /* SnapKit */ = {
			isa = XCSwiftPackageProductDependency;
			package = 081814F42998C70600DC4C17 /* XCRemoteSwiftPackageReference "SnapKit" */;
			productName = SnapKit;
		};
		081814F82998C75B00DC4C17 /* CombineCocoa */ = {
			isa = XCSwiftPackageProductDependency;
			package = 081814F12998C6D800DC4C17 /* XCRemoteSwiftPackageReference "CombineCocoa" */;
			productName = CombineCocoa;
		};
		081814FE2998C84900DC4C17 /* SnapshotTesting */ = {
			isa = XCSwiftPackageProductDependency;
			package = 081814FD2998C84900DC4C17 /* XCRemoteSwiftPackageReference "swift-snapshot-testing" */;
			productName = SnapshotTesting;
		};
		081815002998C86300DC4C17 /* CombineCocoa */ = {
			isa = XCSwiftPackageProductDependency;
			package = 081814F12998C6D800DC4C17 /* XCRemoteSwiftPackageReference "CombineCocoa" */;
			productName = CombineCocoa;
		};
/* End XCSwiftPackageProductDependency section */

/* Begin XCVersionGroup section */
		084F94F9299E80A100CE5E60 /* Model.xcdatamodeld */ = {
			isa = XCVersionGroup;
			children = (
				084F94FA299E80A100CE5E60 /* Model.xcdatamodel */,
			);
			currentVersion = 084F94FA299E80A100CE5E60 /* Model.xcdatamodel */;
			path = Model.xcdatamodeld;
			sourceTree = "<group>";
			versionGroupType = wrapper.xcdatamodel;
		};
/* End XCVersionGroup section */
	};
	rootObject = 081814B62998C21700DC4C17 /* Project object */;
}
